// !$*UTF8*$!
{
	archiveVersion = 1;
	classes = {
	};
	objectVersion = 46;
	objects = {

/* Begin PBXBuildFile section */
		096EDE1A1D0AD03600B30241 /* main.m in Sources */ = {isa = PBXBuildFile; fileRef = 096EDE191D0AD03600B30241 /* main.m */; };
		096EDE1D1D0AD03600B30241 /* AppDelegate.m in Sources */ = {isa = PBXBuildFile; fileRef = 096EDE1C1D0AD03600B30241 /* AppDelegate.m */; };
		096EDE201D0AD03600B30241 /* ViewController.m in Sources */ = {isa = PBXBuildFile; fileRef = 096EDE1F1D0AD03600B30241 /* ViewController.m */; };
		096EDE231D0AD03600B30241 /* Main.storyboard in Resources */ = {isa = PBXBuildFile; fileRef = 096EDE211D0AD03600B30241 /* Main.storyboard */; };
		096EDE251D0AD03600B30241 /* Assets.xcassets in Resources */ = {isa = PBXBuildFile; fileRef = 096EDE241D0AD03600B30241 /* Assets.xcassets */; };
		096EDE281D0AD03600B30241 /* LaunchScreen.storyboard in Resources */ = {isa = PBXBuildFile; fileRef = 096EDE261D0AD03600B30241 /* LaunchScreen.storyboard */; };
		096EDE311D0AD04600B30241 /* DrawView.m in Sources */ = {isa = PBXBuildFile; fileRef = 096EDE301D0AD04600B30241 /* DrawView.m */; };
		09D9CC571D0BB10800FAD818 /* MyBezierPath.m in Sources */ = {isa = PBXBuildFile; fileRef = 09D9CC561D0BB10800FAD818 /* MyBezierPath.m */; };
		09D9CC5A1D0BB5A600FAD818 /* SelfSample.m in Sources */ = {isa = PBXBuildFile; fileRef = 09D9CC591D0BB5A600FAD818 /* SelfSample.m */; };
		09D9CC5C1D0BC3F500FAD818 /* freeDraw60@2x.png in Resources */ = {isa = PBXBuildFile; fileRef = 09D9CC5B1D0BC3F500FAD818 /* freeDraw60@2x.png */; };
/* End PBXBuildFile section */

/* Begin PBXFileReference section */
		096EDE151D0AD03500B30241 /* ZY01_FreeDraw.app */ = {isa = PBXFileReference; explicitFileType = wrapper.application; includeInIndex = 0; path = ZY01_FreeDraw.app; sourceTree = BUILT_PRODUCTS_DIR; };
		096EDE191D0AD03600B30241 /* main.m */ = {isa = PBXFileReference; lastKnownFileType = sourcecode.c.objc; path = main.m; sourceTree = "<group>"; };
		096EDE1B1D0AD03600B30241 /* AppDelegate.h */ = {isa = PBXFileReference; lastKnownFileType = sourcecode.c.h; path = AppDelegate.h; sourceTree = "<group>"; };
		096EDE1C1D0AD03600B30241 /* AppDelegate.m */ = {isa = PBXFileReference; lastKnownFileType = sourcecode.c.objc; path = AppDelegate.m; sourceTree = "<group>"; };
		096EDE1E1D0AD03600B30241 /* ViewController.h */ = {isa = PBXFileReference; lastKnownFileType = sourcecode.c.h; path = ViewController.h; sourceTree = "<group>"; };
		096EDE1F1D0AD03600B30241 /* ViewController.m */ = {isa = PBXFileReference; lastKnownFileType = sourcecode.c.objc; path = ViewController.m; sourceTree = "<group>"; };
		096EDE221D0AD03600B30241 /* Base */ = {isa = PBXFileReference; lastKnownFileType = file.storyboard; name = Base; path = Base.lproj/Main.storyboard; sourceTree = "<group>"; };
		096EDE241D0AD03600B30241 /* Assets.xcassets */ = {isa = PBXFileReference; lastKnownFileType = folder.assetcatalog; path = Assets.xcassets; sourceTree = "<group>"; };
		096EDE271D0AD03600B30241 /* Base */ = {isa = PBXFileReference; lastKnownFileType = file.storyboard; name = Base; path = Base.lproj/LaunchScreen.storyboard; sourceTree = "<group>"; };
		096EDE291D0AD03600B30241 /* Info.plist */ = {isa = PBXFileReference; lastKnownFileType = text.plist.xml; path = Info.plist; sourceTree = "<group>"; };
		096EDE2F1D0AD04600B30241 /* DrawView.h */ = {isa = PBXFileReference; fileEncoding = 4; lastKnownFileType = sourcecode.c.h; path = DrawView.h; sourceTree = "<group>"; };
		096EDE301D0AD04600B30241 /* DrawView.m */ = {isa = PBXFileReference; fileEncoding = 4; lastKnownFileType = sourcecode.c.objc; path = DrawView.m; sourceTree = "<group>"; };
		09D9CC551D0BB10800FAD818 /* MyBezierPath.h */ = {isa = PBXFileReference; fileEncoding = 4; lastKnownFileType = sourcecode.c.h; path = MyBezierPath.h; sourceTree = "<group>"; };
		09D9CC561D0BB10800FAD818 /* MyBezierPath.m */ = {isa = PBXFileReference; fileEncoding = 4; lastKnownFileType = sourcecode.c.objc; path = MyBezierPath.m; sourceTree = "<group>"; };
		09D9CC581D0BB5A600FAD818 /* SelfSample.h */ = {isa = PBXFileReference; fileEncoding = 4; lastKnownFileType = sourcecode.c.h; path = SelfSample.h; sourceTree = "<group>"; };
		09D9CC591D0BB5A600FAD818 /* SelfSample.m */ = {isa = PBXFileReference; fileEncoding = 4; lastKnownFileType = sourcecode.c.objc; path = SelfSample.m; sourceTree = "<group>"; };
		09D9CC5B1D0BC3F500FAD818 /* freeDraw60@2x.png */ = {isa = PBXFileReference; lastKnownFileType = image.png; path = "freeDraw60@2x.png"; sourceTree = "<group>"; };
/* End PBXFileReference section */

/* Begin PBXFrameworksBuildPhase section */
		096EDE121D0AD03500B30241 /* Frameworks */ = {
			isa = PBXFrameworksBuildPhase;
			buildActionMask = 2147483647;
			files = (
			);
			runOnlyForDeploymentPostprocessing = 0;
		};
/* End PBXFrameworksBuildPhase section */

/* Begin PBXGroup section */
		096EDE0C1D0AD03500B30241 = {
			isa = PBXGroup;
			children = (
				096EDE171D0AD03500B30241 /* ZY01_FreeDraw */,
				096EDE161D0AD03500B30241 /* Products */,
			);
			sourceTree = "<group>";
		};
		096EDE161D0AD03500B30241 /* Products */ = {
			isa = PBXGroup;
			children = (
				096EDE151D0AD03500B30241 /* ZY01_FreeDraw.app */,
			);
			name = Products;
			sourceTree = "<group>";
		};
		096EDE171D0AD03500B30241 /* ZY01_FreeDraw */ = {
			isa = PBXGroup;
			children = (
				09D9CC5B1D0BC3F500FAD818 /* freeDraw60@2x.png */,
				096EDE1B1D0AD03600B30241 /* AppDelegate.h */,
				096EDE1C1D0AD03600B30241 /* AppDelegate.m */,
				096EDE1E1D0AD03600B30241 /* ViewController.h */,
				096EDE1F1D0AD03600B30241 /* ViewController.m */,
				096EDE2F1D0AD04600B30241 /* DrawView.h */,
				096EDE301D0AD04600B30241 /* DrawView.m */,
				09D9CC551D0BB10800FAD818 /* MyBezierPath.h */,
				09D9CC561D0BB10800FAD818 /* MyBezierPath.m */,
				09D9CC581D0BB5A600FAD818 /* SelfSample.h */,
				09D9CC591D0BB5A600FAD818 /* SelfSample.m */,
				096EDE211D0AD03600B30241 /* Main.storyboard */,
				096EDE241D0AD03600B30241 /* Assets.xcassets */,
				096EDE261D0AD03600B30241 /* LaunchScreen.storyboard */,
				096EDE291D0AD03600B30241 /* Info.plist */,
				096EDE181D0AD03500B30241 /* Supporting Files */,
			);
			path = ZY01_FreeDraw;
			sourceTree = "<group>";
		};
		096EDE181D0AD03500B30241 /* Supporting Files */ = {
			isa = PBXGroup;
			children = (
				096EDE191D0AD03600B30241 /* main.m */,
			);
			name = "Supporting Files";
			sourceTree = "<group>";
		};
/* End PBXGroup section */

/* Begin PBXNativeTarget section */
		096EDE141D0AD03500B30241 /* ZY01_FreeDraw */ = {
			isa = PBXNativeTarget;
			buildConfigurationList = 096EDE2C1D0AD03600B30241 /* Build configuration list for PBXNativeTarget "ZY01_FreeDraw" */;
			buildPhases = (
				096EDE111D0AD03500B30241 /* Sources */,
				096EDE121D0AD03500B30241 /* Frameworks */,
				096EDE131D0AD03500B30241 /* Resources */,
			);
			buildRules = (
			);
			dependencies = (
			);
			name = ZY01_FreeDraw;
			productName = ZY01_FreeDraw;
			productReference = 096EDE151D0AD03500B30241 /* ZY01_FreeDraw.app */;
			productType = "com.apple.product-type.application";
		};
/* End PBXNativeTarget section */

/* Begin PBXProject section */
		096EDE0D1D0AD03500B30241 /* Project object */ = {
			isa = PBXProject;
			attributes = {
				LastUpgradeCheck = 0720;
				ORGANIZATIONNAME = CaoYicheng;
				TargetAttributes = {
					096EDE141D0AD03500B30241 = {
						CreatedOnToolsVersion = 7.2;
						DevelopmentTeam = Z9X7M9SKZM;
					};
				};
			};
			buildConfigurationList = 096EDE101D0AD03500B30241 /* Build configuration list for PBXProject "ZY01_FreeDraw" */;
			compatibilityVersion = "Xcode 3.2";
			developmentRegion = English;
			hasScannedForEncodings = 0;
			knownRegions = (
				en,
				Base,
			);
			mainGroup = 096EDE0C1D0AD03500B30241;
			productRefGroup = 096EDE161D0AD03500B30241 /* Products */;
			projectDirPath = "";
			projectRoot = "";
			targets = (
				096EDE141D0AD03500B30241 /* ZY01_FreeDraw */,
			);
		};
/* End PBXProject section */

/* Begin PBXResourcesBuildPhase section */
		096EDE131D0AD03500B30241 /* Resources */ = {
			isa = PBXResourcesBuildPhase;
			buildActionMask = 2147483647;
			files = (
				09D9CC5C1D0BC3F500FAD818 /* freeDraw60@2x.png in Resources */,
				096EDE281D0AD03600B30241 /* LaunchScreen.storyboard in Resources */,
				096EDE251D0AD03600B30241 /* Assets.xcassets in Resources */,
				096EDE231D0AD03600B30241 /* Main.storyboard in Resources */,
			);
			runOnlyForDeploymentPostprocessing = 0;
		};
/* End PBXResourcesBuildPhase section */

/* Begin PBXSourcesBuildPhase section */
		096EDE111D0AD03500B30241 /* Sources */ = {
			isa = PBXSourcesBuildPhase;
			buildActionMask = 2147483647;
			files = (
				096EDE201D0AD03600B30241 /* ViewController.m in Sources */,
				096EDE1D1D0AD03600B30241 /* AppDelegate.m in Sources */,
				09D9CC571D0BB10800FAD818 /* MyBezierPath.m in Sources */,
				09D9CC5A1D0BB5A600FAD818 /* SelfSample.m in Sources */,
				096EDE311D0AD04600B30241 /* DrawView.m in Sources */,
				096EDE1A1D0AD03600B30241 /* main.m in Sources */,
			);
			runOnlyForDeploymentPostprocessing = 0;
		};
/* End PBXSourcesBuildPhase section */

/* Begin PBXVariantGroup section */
		096EDE211D0AD03600B30241 /* Main.storyboard */ = {
			isa = PBXVariantGroup;
			children = (
				096EDE221D0AD03600B30241 /* Base */,
			);
			name = Main.storyboard;
			sourceTree = "<group>";
		};
		096EDE261D0AD03600B30241 /* LaunchScreen.storyboard */ = {
			isa = PBXVariantGroup;
			children = (
				096EDE271D0AD03600B30241 /* Base */,
			);
			name = LaunchScreen.storyboard;
			sourceTree = "<group>";
		};
/* End PBXVariantGroup section */

/* Begin XCBuildConfiguration section */
		096EDE2A1D0AD03600B30241 /* Debug */ = {
			isa = XCBuildConfiguration;
			buildSettings = {
				ALWAYS_SEARCH_USER_PATHS = NO;
				CLANG_CXX_LANGUAGE_STANDARD = "gnu++0x";
				CLANG_CXX_LIBRARY = "libc++";
				CLANG_ENABLE_MODULES = YES;
				CLANG_ENABLE_OBJC_ARC = YES;
				CLANG_WARN_BOOL_CONVERSION = YES;
				CLANG_WARN_CONSTANT_CONVERSION = YES;
				CLANG_WARN_DIRECT_OBJC_ISA_USAGE = YES_ERROR;
				CLANG_WARN_EMPTY_BODY = YES;
				CLANG_WARN_ENUM_CONVERSION = YES;
				CLANG_WARN_INT_CONVERSION = YES;
				CLANG_WARN_OBJC_ROOT_CLASS = YES_ERROR;
				CLANG_WARN_UNREACHABLE_CODE = YES;
				CLANG_WARN__DUPLICATE_METHOD_MATCH = YES;
				"CODE_SIGN_IDENTITY[sdk=iphoneos*]" = "iPhone Developer";
				COPY_PHASE_STRIP = NO;
				DEBUG_INFORMATION_FORMAT = dwarf;
				ENABLE_STRICT_OBJC_MSGSEND = YES;
				ENABLE_TESTABILITY = YES;
				GCC_C_LANGUAGE_STANDARD = gnu99;
				GCC_DYNAMIC_NO_PIC = NO;
				GCC_NO_COMMON_BLOCKS = YES;
				GCC_OPTIMIZATION_LEVEL = 0;
				GCC_PREPROCESSOR_DEFINITIONS = (
					"DEBUG=1",
					"$(inherited)",
				);
				GCC_WARN_64_TO_32_BIT_CONVERSION = YES;
				GCC_WARN_ABOUT_RETURN_TYPE = YES_ERROR;
				GCC_WARN_UNDECLARED_SELECTOR = YES;
				GCC_WARN_UNINITIALIZED_AUTOS = YES_AGGRESSIVE;
				GCC_WARN_UNUSED_FUNCTION = YES;
				GCC_WARN_UNUSED_VARIABLE = YES;
				IPHONEOS_DEPLOYMENT_TARGET = 9.2;
				MTL_ENABLE_DEBUG_INFO = YES;
				ONLY_ACTIVE_ARCH = YES;
				SDKROOT = iphoneos;
			};
			name = Debug;
		};
		096EDE2B1D0AD03600B30241 /* Release */ = {
			isa = XCBuildConfiguration;
			buildSettings = {
				ALWAYS_SEARCH_USER_PATHS = NO;
				CLANG_CXX_LANGUAGE_STANDARD = "gnu++0x";
				CLANG_CXX_LIBRARY = "libc++";
				CLANG_ENABLE_MODULES = YES;
				CLANG_ENABLE_OBJC_ARC = YES;
				CLANG_WARN_BOOL_CONVERSION = YES;
				CLANG_WARN_CONSTANT_CONVERSION = YES;
				CLANG_WARN_DIRECT_OBJC_ISA_USAGE = YES_ERROR;
				CLANG_WARN_EMPTY_BODY = YES;
				CLANG_WARN_ENUM_CONVERSION = YES;
				CLANG_WARN_INT_CONVERSION = YES;
				CLANG_WARN_OBJC_ROOT_CLASS = YES_ERROR;
				CLANG_WARN_UNREACHABLE_CODE = YES;
				CLANG_WARN__DUPLICATE_METHOD_MATCH = YES;
				"CODE_SIGN_IDENTITY[sdk=iphoneos*]" = "iPhone Developer";
				COPY_PHASE_STRIP = NO;
				DEBUG_INFORMATION_FORMAT = "dwarf-with-dsym";
				ENABLE_NS_ASSERTIONS = NO;
				ENABLE_STRICT_OBJC_MSGSEND = YES;
				GCC_C_LANGUAGE_STANDARD = gnu99;
				GCC_NO_COMMON_BLOCKS = YES;
				GCC_WARN_64_TO_32_BIT_CONVERSION = YES;
				GCC_WARN_ABOUT_RETURN_TYPE = YES_ERROR;
				GCC_WARN_UNDECLARED_SELECTOR = YES;
				GCC_WARN_UNINITIALIZED_AUTOS = YES_AGGRESSIVE;
				GCC_WARN_UNUSED_FUNCTION = YES;
				GCC_WARN_UNUSED_VARIABLE = YES;
				IPHONEOS_DEPLOYMENT_TARGET = 9.2;
				MTL_ENABLE_DEBUG_INFO = NO;
				SDKROOT = iphoneos;
				VALIDATE_PRODUCT = YES;
			};
			name = Release;
		};
		096EDE2D1D0AD03600B30241 /* Debug */ = {
			isa = XCBuildConfiguration;
			buildSettings = {
				ASSETCATALOG_COMPILER_APPICON_NAME = AppIcon;
				CODE_SIGN_IDENTITY = "iPhone Developer";
				INFOPLIST_FILE = ZY01_FreeDraw/Info.plist;
				LD_RUNPATH_SEARCH_PATHS = "$(inherited) @executable_path/Frameworks";
				PRODUCT_BUNDLE_IDENTIFIER = FreeDraw;
				PRODUCT_NAME = "$(TARGET_NAME)";
			};
			name = Debug;
		};
		096EDE2E1D0AD03600B30241 /* Release */ = {
			isa = XCBuildConfiguration;
			buildSettings = {
				ASSETCATALOG_COMPILER_APPICON_NAME = AppIcon;
				CODE_SIGN_IDENTITY = "iPhone Developer";
				INFOPLIST_FILE = ZY01_FreeDraw/Info.plist;
				LD_RUNPATH_SEARCH_PATHS = "$(inherited) @executable_path/Frameworks";
				PRODUCT_BUNDLE_IDENTIFIER = FreeDraw;
				PRODUCT_NAME = "$(TARGET_NAME)";
			};
			name = Release;
		};
/* End XCBuildConfiguration section */

/* Begin XCConfigurationList section */
		096EDE101D0AD03500B30241 /* Build configuration list for PBXProject "ZY01_FreeDraw" */ = {
			isa = XCConfigurationList;
			buildConfigurations = (
				096EDE2A1D0AD03600B30241 /* Debug */,
				096EDE2B1D0AD03600B30241 /* Release */,
			);
			defaultConfigurationIsVisible = 0;
			defaultConfigurationName = Release;
		};
		096EDE2C1D0AD03600B30241 /* Build configuration list for PBXNativeTarget "ZY01_FreeDraw" */ = {
			isa = XCConfigurationList;
			buildConfigurations = (
				096EDE2D1D0AD03600B30241 /* Debug */,
				096EDE2E1D0AD03600B30241 /* Release */,
			);
			defaultConfigurationIsVisible = 0;
			defaultConfigurationName = Release;
		};
/* End XCConfigurationList section */
	};
	rootObject = 096EDE0D1D0AD03500B30241 /* Project object */;
}
